
Microsoft Visual Studio Solution File, Format Version 12.00
# Visual Studio Version 17
VisualStudioVersion = 17.11.35327.3
MinimumVisualStudioVersion = 10.0.40219.1
Project("{FAE04EC0-301F-11D3-BF4B-00C04F79EFBC}") = "caixaeletronico", "caixaeletronico\caixaeletronico.csproj", "{8E5CF74A-8E12-4B76-937B-A3DB44B43F01}"
EndProject
Global
	GlobalSection(SolutionConfigurationPlatforms) = preSolution
		Debug|Any CPU = Debug|Any CPU
		Release|Any CPU = Release|Any CPU
	EndGlobalSection
	GlobalSection(ProjectConfigurationPlatforms) = postSolution
		{8E5CF74A-8E12-4B76-937B-A3DB44B43F01}.Debug|Any CPU.ActiveCfg = Debug|Any CPU
		{8E5CF74A-8E12-4B76-937B-A3DB44B43F01}.Debug|Any CPU.Build.0 = Debug|Any CPU
		{8E5CF74A-8E12-4B76-937B-A3DB44B43F01}.Release|Any CPU.ActiveCfg = Release|Any CPU
		{8E5CF74A-8E12-4B76-937B-A3DB44B43F01}.Release|Any CPU.Build.0 = Release|Any CPU
	EndGlobalSection
	GlobalSection(SolutionProperties) = preSolution
		HideSolutionNode = FALSE
	EndGlobalSection
	GlobalSection(ExtensibilityGlobals) = postSolution
		SolutionGuid = {2AB50466-058E-4FD2-AE9C-29388E89C7E9}
	EndGlobalSection
EndGlobal
